{
  "object": {
    "pins": [
      {
        "package": "SwiftyBinaryFormatter",
        "repositoryURL": "https://github.com/mredig/SwiftyBinaryFormatter.git",
        "state": {
          "branch": null,
          "revision": "5302aeb83016ce500369ece562186d74c87359fb",
          "version": "1.0.0"
        }
      },
      {
        "package": "VectorExtor",
        "repositoryURL": "https://github.com/mredig/VectorExtor.git",
        "state": {
          "branch": null,
          "revision": "b5fc40169f6c1e1a5d81027bc8458d356eba47bf",
          "version": "0.1.3"
        }
      }
    ]
  },
  "version": 1
}
