// !$*UTF8*$!
{
	archiveVersion = 1;
	classes = {
	};
	objectVersion = 50;
	objects = {

/* Begin PBXBuildFile section */
		3328520523C07BBB00174B34 /* SwiftyBinaryFormatter.framework in Embed Frameworks */ = {isa = PBXBuildFile; fileRef = 332851FD23C07B7400174B34 /* SwiftyBinaryFormatter.framework */; settings = {ATTRIBUTES = (CodeSignOnCopy, RemoveHeadersOnCopy, ); }; };
		335E66D4237D1DF70099EEA1 /* AppDelegate.swift in Sources */ = {isa = PBXBuildFile; fileRef = 335E66D3237D1DF70099EEA1 /* AppDelegate.swift */; };
		335E66D8237D1DF70099EEA1 /* ViewController.swift in Sources */ = {isa = PBXBuildFile; fileRef = 335E66D7237D1DF70099EEA1 /* ViewController.swift */; };
		335E66DB237D1DF70099EEA1 /* Main.storyboard in Resources */ = {isa = PBXBuildFile; fileRef = 335E66D9237D1DF70099EEA1 /* Main.storyboard */; };
		335E66DD237D1DF80099EEA1 /* Assets.xcassets in Resources */ = {isa = PBXBuildFile; fileRef = 335E66DC237D1DF80099EEA1 /* Assets.xcassets */; };
		335E66E0237D1DF80099EEA1 /* LaunchScreen.storyboard in Resources */ = {isa = PBXBuildFile; fileRef = 335E66DE237D1DF80099EEA1 /* LaunchScreen.storyboard */; };
		335E66EE237D1E130099EEA1 /* QRettyCode.framework in Frameworks */ = {isa = PBXBuildFile; fileRef = 335E66ED237D1E0C0099EEA1 /* QRettyCode.framework */; };
		335E66EF237D1E130099EEA1 /* QRettyCode.framework in Embed Frameworks */ = {isa = PBXBuildFile; fileRef = 335E66ED237D1E0C0099EEA1 /* QRettyCode.framework */; settings = {ATTRIBUTES = (CodeSignOnCopy, RemoveHeadersOnCopy, ); }; };
/* End PBXBuildFile section */

/* Begin PBXContainerItemProxy section */
		335E66EC237D1E0C0099EEA1 /* PBXContainerItemProxy */ = {
			isa = PBXContainerItemProxy;
			containerPortal = 335E66E8237D1E0C0099EEA1 /* QRettyCode.xcodeproj */;
			proxyType = 2;
			remoteGlobalIDString = 335E66BC237D1DE00099EEA1;
			remoteInfo = QRettyCode;
		};
		335E672A237FA5BD0099EEA1 /* PBXContainerItemProxy */ = {
			isa = PBXContainerItemProxy;
			containerPortal = 335E66E8237D1E0C0099EEA1 /* QRettyCode.xcodeproj */;
			proxyType = 2;
			remoteGlobalIDString = 335E6715237F12030099EEA1;
			remoteInfo = QRettyCodeTests;
		};
/* End PBXContainerItemProxy section */

/* Begin PBXCopyFilesBuildPhase section */
		335E66F0237D1E130099EEA1 /* Embed Frameworks */ = {
			isa = PBXCopyFilesBuildPhase;
			buildActionMask = 2147483647;
			dstPath = "";
			dstSubfolderSpec = 10;
			files = (
				335E66EF237D1E130099EEA1 /* QRettyCode.framework in Embed Frameworks */,
				3328520523C07BBB00174B34 /* SwiftyBinaryFormatter.framework in Embed Frameworks */,
			);
			name = "Embed Frameworks";
			runOnlyForDeploymentPostprocessing = 0;
		};
/* End PBXCopyFilesBuildPhase section */

/* Begin PBXFileReference section */
		332851FD23C07B7400174B34 /* SwiftyBinaryFormatter.framework */ = {isa = PBXFileReference; lastKnownFileType = wrapper.framework; name = SwiftyBinaryFormatter.framework; path = ../Carthage/Build/iOS/SwiftyBinaryFormatter.framework; sourceTree = "<group>"; };
		335E66D0237D1DF70099EEA1 /* QRettyCodeDemo.app */ = {isa = PBXFileReference; explicitFileType = wrapper.application; includeInIndex = 0; path = QRettyCodeDemo.app; sourceTree = BUILT_PRODUCTS_DIR; };
		335E66D3237D1DF70099EEA1 /* AppDelegate.swift */ = {isa = PBXFileReference; lastKnownFileType = sourcecode.swift; path = AppDelegate.swift; sourceTree = "<group>"; };
		335E66D7237D1DF70099EEA1 /* ViewController.swift */ = {isa = PBXFileReference; lastKnownFileType = sourcecode.swift; path = ViewController.swift; sourceTree = "<group>"; };
		335E66DA237D1DF70099EEA1 /* Base */ = {isa = PBXFileReference; lastKnownFileType = file.storyboard; name = Base; path = Base.lproj/Main.storyboard; sourceTree = "<group>"; };
		335E66DC237D1DF80099EEA1 /* Assets.xcassets */ = {isa = PBXFileReference; lastKnownFileType = folder.assetcatalog; path = Assets.xcassets; sourceTree = "<group>"; };
		335E66DF237D1DF80099EEA1 /* Base */ = {isa = PBXFileReference; lastKnownFileType = file.storyboard; name = Base; path = Base.lproj/LaunchScreen.storyboard; sourceTree = "<group>"; };
		335E66E1237D1DF80099EEA1 /* Info.plist */ = {isa = PBXFileReference; lastKnownFileType = text.plist.xml; path = Info.plist; sourceTree = "<group>"; };
		335E66E8237D1E0C0099EEA1 /* QRettyCode.xcodeproj */ = {isa = PBXFileReference; lastKnownFileType = "wrapper.pb-project"; name = QRettyCode.xcodeproj; path = ../QRettyCode.xcodeproj; sourceTree = "<group>"; };
		3752DE4E2380B7E10083C1BE /* QRettyCodeDemo.entitlements */ = {isa = PBXFileReference; lastKnownFileType = text.plist.entitlements; path = QRettyCodeDemo.entitlements; sourceTree = "<group>"; };
/* End PBXFileReference section */

/* Begin PBXFrameworksBuildPhase section */
		335E66CD237D1DF70099EEA1 /* Frameworks */ = {
			isa = PBXFrameworksBuildPhase;
			buildActionMask = 2147483647;
			files = (
				335E66EE237D1E130099EEA1 /* QRettyCode.framework in Frameworks */,
			);
			runOnlyForDeploymentPostprocessing = 0;
		};
/* End PBXFrameworksBuildPhase section */

/* Begin PBXGroup section */
		335E66C7237D1DF70099EEA1 = {
			isa = PBXGroup;
			children = (
				335E66D2237D1DF70099EEA1 /* QRettyCodeDemo */,
				335E66D1237D1DF70099EEA1 /* Products */,
				335E66E7237D1DFE0099EEA1 /* Frameworks */,
			);
			sourceTree = "<group>";
		};
		335E66D1237D1DF70099EEA1 /* Products */ = {
			isa = PBXGroup;
			children = (
				335E66D0237D1DF70099EEA1 /* QRettyCodeDemo.app */,
			);
			name = Products;
			sourceTree = "<group>";
		};
		335E66D2237D1DF70099EEA1 /* QRettyCodeDemo */ = {
			isa = PBXGroup;
			children = (
				3752DE4E2380B7E10083C1BE /* QRettyCodeDemo.entitlements */,
				335E66D3237D1DF70099EEA1 /* AppDelegate.swift */,
				335E66D7237D1DF70099EEA1 /* ViewController.swift */,
				335E66D9237D1DF70099EEA1 /* Main.storyboard */,
				335E66DC237D1DF80099EEA1 /* Assets.xcassets */,
				335E66DE237D1DF80099EEA1 /* LaunchScreen.storyboard */,
				335E66E1237D1DF80099EEA1 /* Info.plist */,
			);
			path = QRettyCodeDemo;
			sourceTree = "<group>";
		};
		335E66E7237D1DFE0099EEA1 /* Frameworks */ = {
			isa = PBXGroup;
			children = (
				332851FD23C07B7400174B34 /* SwiftyBinaryFormatter.framework */,
				335E66E8237D1E0C0099EEA1 /* QRettyCode.xcodeproj */,
			);
			name = Frameworks;
			sourceTree = "<group>";
		};
		335E66E9237D1E0C0099EEA1 /* Products */ = {
			isa = PBXGroup;
			children = (
				335E66ED237D1E0C0099EEA1 /* QRettyCode.framework */,
				335E672B237FA5BD0099EEA1 /* QRettyCodeTests.xctest */,
			);
			name = Products;
			sourceTree = "<group>";
		};
/* End PBXGroup section */

/* Begin PBXNativeTarget section */
		335E66CF237D1DF70099EEA1 /* QRettyCodeDemo */ = {
			isa = PBXNativeTarget;
			buildConfigurationList = 335E66E4237D1DF80099EEA1 /* Build configuration list for PBXNativeTarget "QRettyCodeDemo" */;
			buildPhases = (
				335E66CC237D1DF70099EEA1 /* Sources */,
				335E66CD237D1DF70099EEA1 /* Frameworks */,
				335E66CE237D1DF70099EEA1 /* Resources */,
				335E66F0237D1E130099EEA1 /* Embed Frameworks */,
			);
			buildRules = (
			);
			dependencies = (
			);
			name = QRettyCodeDemo;
			productName = QRettyCodeDemo;
			productReference = 335E66D0237D1DF70099EEA1 /* QRettyCodeDemo.app */;
			productType = "com.apple.product-type.application";
		};
/* End PBXNativeTarget section */

/* Begin PBXProject section */
		335E66C8237D1DF70099EEA1 /* Project object */ = {
			isa = PBXProject;
			attributes = {
				LastSwiftUpdateCheck = 1110;
				LastUpgradeCheck = 1110;
				ORGANIZATIONNAME = "Red_Egg Productions";
				TargetAttributes = {
					335E66CF237D1DF70099EEA1 = {
						CreatedOnToolsVersion = 11.1;
					};
				};
			};
			buildConfigurationList = 335E66CB237D1DF70099EEA1 /* Build configuration list for PBXProject "QRettyCodeDemo" */;
			compatibilityVersion = "Xcode 9.3";
			developmentRegion = en;
			hasScannedForEncodings = 0;
			knownRegions = (
				en,
				Base,
			);
			mainGroup = 335E66C7237D1DF70099EEA1;
			productRefGroup = 335E66D1237D1DF70099EEA1 /* Products */;
			projectDirPath = "";
			projectReferences = (
				{
					ProductGroup = 335E66E9237D1E0C0099EEA1 /* Products */;
					ProjectRef = 335E66E8237D1E0C0099EEA1 /* QRettyCode.xcodeproj */;
				},
			);
			projectRoot = "";
			targets = (
				335E66CF237D1DF70099EEA1 /* QRettyCodeDemo */,
			);
		};
/* End PBXProject section */

/* Begin PBXReferenceProxy section */
		335E66ED237D1E0C0099EEA1 /* QRettyCode.framework */ = {
			isa = PBXReferenceProxy;
			fileType = wrapper.framework;
			path = QRettyCode.framework;
			remoteRef = 335E66EC237D1E0C0099EEA1 /* PBXContainerItemProxy */;
			sourceTree = BUILT_PRODUCTS_DIR;
		};
		335E672B237FA5BD0099EEA1 /* QRettyCodeTests.xctest */ = {
			isa = PBXReferenceProxy;
			fileType = wrapper.cfbundle;
			path = QRettyCodeTests.xctest;
			remoteRef = 335E672A237FA5BD0099EEA1 /* PBXContainerItemProxy */;
			sourceTree = BUILT_PRODUCTS_DIR;
		};
/* End PBXReferenceProxy section */

/* Begin PBXResourcesBuildPhase section */
		335E66CE237D1DF70099EEA1 /* Resources */ = {
			isa = PBXResourcesBuildPhase;
			buildActionMask = 2147483647;
			files = (
				335E66E0237D1DF80099EEA1 /* LaunchScreen.storyboard in Resources */,
				335E66DD237D1DF80099EEA1 /* Assets.xcassets in Resources */,
				335E66DB237D1DF70099EEA1 /* Main.storyboard in Resources */,
			);
			runOnlyForDeploymentPostprocessing = 0;
		};
/* End PBXResourcesBuildPhase section */

/* Begin PBXSourcesBuildPhase section */
		335E66CC237D1DF70099EEA1 /* Sources */ = {
			isa = PBXSourcesBuildPhase;
			buildActionMask = 2147483647;
			files = (
				335E66D8237D1DF70099EEA1 /* ViewController.swift in Sources */,
				335E66D4237D1DF70099EEA1 /* AppDelegate.swift in Sources */,
			);
			runOnlyForDeploymentPostprocessing = 0;
		};
/* End PBXSourcesBuildPhase section */

/* Begin PBXVariantGroup section */
		335E66D9237D1DF70099EEA1 /* Main.storyboard */ = {
			isa = PBXVariantGroup;
			children = (
				335E66DA237D1DF70099EEA1 /* Base */,
			);
			name = Main.storyboard;
			sourceTree = "<group>";
		};
		335E66DE237D1DF80099EEA1 /* LaunchScreen.storyboard */ = {
			isa = PBXVariantGroup;
			children = (
				335E66DF237D1DF80099EEA1 /* Base */,
			);
			name = LaunchScreen.storyboard;
			sourceTree = "<group>";
		};
/* End PBXVariantGroup section */

/* Begin XCBuildConfiguration section */
		335E66E2237D1DF80099EEA1 /* Debug */ = {
			isa = XCBuildConfiguration;
			buildSettings = {
				ALWAYS_SEARCH_USER_PATHS = NO;
				CLANG_ANALYZER_NONNULL = YES;
				CLANG_ANALYZER_NUMBER_OBJECT_CONVERSION = YES_AGGRESSIVE;
				CLANG_CXX_LANGUAGE_STANDARD = "gnu++14";
				CLANG_CXX_LIBRARY = "libc++";
				CLANG_ENABLE_MODULES = YES;
				CLANG_ENABLE_OBJC_ARC = YES;
				CLANG_ENABLE_OBJC_WEAK = YES;
				CLANG_WARN_BLOCK_CAPTURE_AUTORELEASING = YES;
				CLANG_WARN_BOOL_CONVERSION = YES;
				CLANG_WARN_COMMA = YES;
				CLANG_WARN_CONSTANT_CONVERSION = YES;
				CLANG_WARN_DEPRECATED_OBJC_IMPLEMENTATIONS = YES;
				CLANG_WARN_DIRECT_OBJC_ISA_USAGE = YES_ERROR;
				CLANG_WARN_DOCUMENTATION_COMMENTS = YES;
				CLANG_WARN_EMPTY_BODY = YES;
				CLANG_WARN_ENUM_CONVERSION = YES;
				CLANG_WARN_INFINITE_RECURSION = YES;
				CLANG_WARN_INT_CONVERSION = YES;
				CLANG_WARN_NON_LITERAL_NULL_CONVERSION = YES;
				CLANG_WARN_OBJC_IMPLICIT_RETAIN_SELF = YES;
				CLANG_WARN_OBJC_LITERAL_CONVERSION = YES;
				CLANG_WARN_OBJC_ROOT_CLASS = YES_ERROR;
				CLANG_WARN_RANGE_LOOP_ANALYSIS = YES;
				CLANG_WARN_STRICT_PROTOTYPES = YES;
				CLANG_WARN_SUSPICIOUS_MOVE = YES;
				CLANG_WARN_UNGUARDED_AVAILABILITY = YES_AGGRESSIVE;
				CLANG_WARN_UNREACHABLE_CODE = YES;
				CLANG_WARN__DUPLICATE_METHOD_MATCH = YES;
				COPY_PHASE_STRIP = NO;
				DEBUG_INFORMATION_FORMAT = dwarf;
				ENABLE_STRICT_OBJC_MSGSEND = YES;
				ENABLE_TESTABILITY = YES;
				GCC_C_LANGUAGE_STANDARD = gnu11;
				GCC_DYNAMIC_NO_PIC = NO;
				GCC_NO_COMMON_BLOCKS = YES;
				GCC_OPTIMIZATION_LEVEL = 0;
				GCC_PREPROCESSOR_DEFINITIONS = (
					"DEBUG=1",
					"$(inherited)",
				);
				GCC_WARN_64_TO_32_BIT_CONVERSION = YES;
				GCC_WARN_ABOUT_RETURN_TYPE = YES_ERROR;
				GCC_WARN_UNDECLARED_SELECTOR = YES;
				GCC_WARN_UNINITIALIZED_AUTOS = YES_AGGRESSIVE;
				GCC_WARN_UNUSED_FUNCTION = YES;
				GCC_WARN_UNUSED_VARIABLE = YES;
				IPHONEOS_DEPLOYMENT_TARGET = 13.1;
				MTL_ENABLE_DEBUG_INFO = INCLUDE_SOURCE;
				MTL_FAST_MATH = YES;
				ONLY_ACTIVE_ARCH = YES;
				SDKROOT = iphoneos;
				SWIFT_ACTIVE_COMPILATION_CONDITIONS = DEBUG;
				SWIFT_OPTIMIZATION_LEVEL = "-Onone";
			};
			name = Debug;
		};
		335E66E3237D1DF80099EEA1 /* Release */ = {
			isa = XCBuildConfiguration;
			buildSettings = {
				ALWAYS_SEARCH_USER_PATHS = NO;
				CLANG_ANALYZER_NONNULL = YES;
				CLANG_ANALYZER_NUMBER_OBJECT_CONVERSION = YES_AGGRESSIVE;
				CLANG_CXX_LANGUAGE_STANDARD = "gnu++14";
				CLANG_CXX_LIBRARY = "libc++";
				CLANG_ENABLE_MODULES = YES;
				CLANG_ENABLE_OBJC_ARC = YES;
				CLANG_ENABLE_OBJC_WEAK = YES;
				CLANG_WARN_BLOCK_CAPTURE_AUTORELEASING = YES;
				CLANG_WARN_BOOL_CONVERSION = YES;
				CLANG_WARN_COMMA = YES;
				CLANG_WARN_CONSTANT_CONVERSION = YES;
				CLANG_WARN_DEPRECATED_OBJC_IMPLEMENTATIONS = YES;
				CLANG_WARN_DIRECT_OBJC_ISA_USAGE = YES_ERROR;
				CLANG_WARN_DOCUMENTATION_COMMENTS = YES;
				CLANG_WARN_EMPTY_BODY = YES;
				CLANG_WARN_ENUM_CONVERSION = YES;
				CLANG_WARN_INFINITE_RECURSION = YES;
				CLANG_WARN_INT_CONVERSION = YES;
				CLANG_WARN_NON_LITERAL_NULL_CONVERSION = YES;
				CLANG_WARN_OBJC_IMPLICIT_RETAIN_SELF = YES;
				CLANG_WARN_OBJC_LITERAL_CONVERSION = YES;
				CLANG_WARN_OBJC_ROOT_CLASS = YES_ERROR;
				CLANG_WARN_RANGE_LOOP_ANALYSIS = YES;
				CLANG_WARN_STRICT_PROTOTYPES = YES;
				CLANG_WARN_SUSPICIOUS_MOVE = YES;
				CLANG_WARN_UNGUARDED_AVAILABILITY = YES_AGGRESSIVE;
				CLANG_WARN_UNREACHABLE_CODE = YES;
				CLANG_WARN__DUPLICATE_METHOD_MATCH = YES;
				COPY_PHASE_STRIP = NO;
				DEBUG_INFORMATION_FORMAT = "dwarf-with-dsym";
				ENABLE_NS_ASSERTIONS = NO;
				ENABLE_STRICT_OBJC_MSGSEND = YES;
				GCC_C_LANGUAGE_STANDARD = gnu11;
				GCC_NO_COMMON_BLOCKS = YES;
				GCC_WARN_64_TO_32_BIT_CONVERSION = YES;
				GCC_WARN_ABOUT_RETURN_TYPE = YES_ERROR;
				GCC_WARN_UNDECLARED_SELECTOR = YES;
				GCC_WARN_UNINITIALIZED_AUTOS = YES_AGGRESSIVE;
				GCC_WARN_UNUSED_FUNCTION = YES;
				GCC_WARN_UNUSED_VARIABLE = YES;
				IPHONEOS_DEPLOYMENT_TARGET = 13.1;
				MTL_ENABLE_DEBUG_INFO = NO;
				MTL_FAST_MATH = YES;
				SDKROOT = iphoneos;
				SWIFT_COMPILATION_MODE = wholemodule;
				SWIFT_OPTIMIZATION_LEVEL = "-O";
				VALIDATE_PRODUCT = YES;
			};
			name = Release;
		};
		335E66E5237D1DF80099EEA1 /* Debug */ = {
			isa = XCBuildConfiguration;
			buildSettings = {
				ASSETCATALOG_COMPILER_APPICON_NAME = AppIcon;
				CODE_SIGN_ENTITLEMENTS = QRettyCodeDemo/QRettyCodeDemo.entitlements;
				CODE_SIGN_STYLE = Automatic;
				DERIVE_MACCATALYST_PRODUCT_BUNDLE_IDENTIFIER = YES;
				DEVELOPMENT_TEAM = L5UZAT7KA9;
				INFOPLIST_FILE = QRettyCodeDemo/Info.plist;
				IPHONEOS_DEPLOYMENT_TARGET = 11.0;
				LD_RUNPATH_SEARCH_PATHS = (
					"$(inherited)",
					"@executable_path/Frameworks",
				);
				PRODUCT_BUNDLE_IDENTIFIER = com.redeggproductions.QRettyCodeDemo;
				PRODUCT_NAME = "$(TARGET_NAME)";
				SUPPORTS_MACCATALYST = YES;
				SWIFT_VERSION = 5.0;
				TARGETED_DEVICE_FAMILY = "1,2";
			};
			name = Debug;
		};
		335E66E6237D1DF80099EEA1 /* Release */ = {
			isa = XCBuildConfiguration;
			buildSettings = {
				ASSETCATALOG_COMPILER_APPICON_NAME = AppIcon;
				CODE_SIGN_ENTITLEMENTS = QRettyCodeDemo/QRettyCodeDemo.entitlements;
				CODE_SIGN_STYLE = Automatic;
				DERIVE_MACCATALYST_PRODUCT_BUNDLE_IDENTIFIER = YES;
				DEVELOPMENT_TEAM = L5UZAT7KA9;
				INFOPLIST_FILE = QRettyCodeDemo/Info.plist;
				IPHONEOS_DEPLOYMENT_TARGET = 11.0;
				LD_RUNPATH_SEARCH_PATHS = (
					"$(inherited)",
					"@executable_path/Frameworks",
				);
				PRODUCT_BUNDLE_IDENTIFIER = com.redeggproductions.QRettyCodeDemo;
				PRODUCT_NAME = "$(TARGET_NAME)";
				SUPPORTS_MACCATALYST = YES;
				SWIFT_VERSION = 5.0;
				TARGETED_DEVICE_FAMILY = "1,2";
			};
			name = Release;
		};
/* End XCBuildConfiguration section */

/* Begin XCConfigurationList section */
		335E66CB237D1DF70099EEA1 /* Build configuration list for PBXProject "QRettyCodeDemo" */ = {
			isa = XCConfigurationList;
			buildConfigurations = (
				335E66E2237D1DF80099EEA1 /* Debug */,
				335E66E3237D1DF80099EEA1 /* Release */,
			);
			defaultConfigurationIsVisible = 0;
			defaultConfigurationName = Release;
		};
		335E66E4237D1DF80099EEA1 /* Build configuration list for PBXNativeTarget "QRettyCodeDemo" */ = {
			isa = XCConfigurationList;
			buildConfigurations = (
				335E66E5237D1DF80099EEA1 /* Debug */,
				335E66E6237D1DF80099EEA1 /* Release */,
			);
			defaultConfigurationIsVisible = 0;
			defaultConfigurationName = Release;
		};
/* End XCConfigurationList section */
	};
	rootObject = 335E66C8237D1DF70099EEA1 /* Project object */;
}
